// !$*UTF8*$!
{
	archiveVersion = 1;
	classes = {
	};
	objectVersion = 46;
	objects = {

/* Begin PBXBuildFile section */
		1F45D7631915E581005271F1 /* Foundation.framework in Frameworks */ = {isa = PBXBuildFile; fileRef = 1F45D7621915E581005271F1 /* Foundation.framework */; };
		1F45D7711915E581005271F1 /* XCTest.framework in Frameworks */ = {isa = PBXBuildFile; fileRef = 1F45D7701915E581005271F1 /* XCTest.framework */; };
		1F45D7721915E581005271F1 /* Foundation.framework in Frameworks */ = {isa = PBXBuildFile; fileRef = 1F45D7621915E581005271F1 /* Foundation.framework */; };
		1F45D7741915E581005271F1 /* UIKit.framework in Frameworks */ = {isa = PBXBuildFile; fileRef = 1F45D7731915E581005271F1 /* UIKit.framework */; };
		1F45D7771915E581005271F1 /* libRobot.a in Frameworks */ = {isa = PBXBuildFile; fileRef = 1F45D75F1915E581005271F1 /* libRobot.a */; };
		1F45D7A619160EDE005271F1 /* UIView+RBTouch.m in Sources */ = {isa = PBXBuildFile; fileRef = 1F45D7A519160EDE005271F1 /* UIView+RBTouch.m */; };
		1F45D7A919160F19005271F1 /* UINavigationBar+RBTouch.m in Sources */ = {isa = PBXBuildFile; fileRef = 1F45D7A819160F19005271F1 /* UINavigationBar+RBTouch.m */; };
		1F45D7AC19160F7F005271F1 /* RBTouch.m in Sources */ = {isa = PBXBuildFile; fileRef = 1F45D7AB19160F7F005271F1 /* RBTouch.m */; };
		1F45D7AF19161063005271F1 /* RBConstants.m in Sources */ = {isa = PBXBuildFile; fileRef = 1F45D7AE19161063005271F1 /* RBConstants.m */; };
		1F45D7C5191647F2005271F1 /* RBAccessibility.m in Sources */ = {isa = PBXBuildFile; fileRef = 1F45D7BE191647F2005271F1 /* RBAccessibility.m */; };
		1F45D7C6191647F2005271F1 /* RBAnimation.m in Sources */ = {isa = PBXBuildFile; fileRef = 1F45D7C0191647F2005271F1 /* RBAnimation.m */; };
		1F45D7C7191647F2005271F1 /* RBKeyboard.m in Sources */ = {isa = PBXBuildFile; fileRef = 1F45D7C2191647F2005271F1 /* RBKeyboard.m */; };
		1F45D7C8191647F2005271F1 /* RBTimer.m in Sources */ = {isa = PBXBuildFile; fileRef = 1F45D7C4191647F2005271F1 /* RBTimer.m */; };
/* End PBXBuildFile section */

/* Begin PBXContainerItemProxy section */
		1F45D7751915E581005271F1 /* PBXContainerItemProxy */ = {
			isa = PBXContainerItemProxy;
			containerPortal = 1F45D7571915E581005271F1 /* Project object */;
			proxyType = 1;
			remoteGlobalIDString = 1F45D75E1915E581005271F1;
			remoteInfo = Robot;
		};
/* End PBXContainerItemProxy section */

/* Begin PBXCopyFilesBuildPhase section */
		1F45D75D1915E581005271F1 /* CopyFiles */ = {
			isa = PBXCopyFilesBuildPhase;
			buildActionMask = 2147483647;
			dstPath = "include/$(PRODUCT_NAME)";
			dstSubfolderSpec = 16;
			files = (
			);
			runOnlyForDeploymentPostprocessing = 0;
		};
/* End PBXCopyFilesBuildPhase section */

/* Begin PBXFileReference section */
		1F45D75F1915E581005271F1 /* libRobot.a */ = {isa = PBXFileReference; explicitFileType = archive.ar; includeInIndex = 0; path = libRobot.a; sourceTree = BUILT_PRODUCTS_DIR; };
		1F45D7621915E581005271F1 /* Foundation.framework */ = {isa = PBXFileReference; lastKnownFileType = wrapper.framework; name = Foundation.framework; path = System/Library/Frameworks/Foundation.framework; sourceTree = SDKROOT; };
		1F45D7661915E581005271F1 /* Robot-Prefix.pch */ = {isa = PBXFileReference; lastKnownFileType = sourcecode.c.h; path = "Robot-Prefix.pch"; sourceTree = "<group>"; };
		1F45D76F1915E581005271F1 /* RobotTests.xctest */ = {isa = PBXFileReference; explicitFileType = wrapper.cfbundle; includeInIndex = 0; path = RobotTests.xctest; sourceTree = BUILT_PRODUCTS_DIR; };
		1F45D7701915E581005271F1 /* XCTest.framework */ = {isa = PBXFileReference; lastKnownFileType = wrapper.framework; name = XCTest.framework; path = Library/Frameworks/XCTest.framework; sourceTree = DEVELOPER_DIR; };
		1F45D7731915E581005271F1 /* UIKit.framework */ = {isa = PBXFileReference; lastKnownFileType = wrapper.framework; name = UIKit.framework; path = Library/Frameworks/UIKit.framework; sourceTree = DEVELOPER_DIR; };
		1F45D7A419160EDE005271F1 /* UIView+RBTouch.h */ = {isa = PBXFileReference; fileEncoding = 4; lastKnownFileType = sourcecode.c.h; path = "UIView+RBTouch.h"; sourceTree = "<group>"; };
		1F45D7A519160EDE005271F1 /* UIView+RBTouch.m */ = {isa = PBXFileReference; fileEncoding = 4; lastKnownFileType = sourcecode.c.objc; path = "UIView+RBTouch.m"; sourceTree = "<group>"; };
		1F45D7A719160F19005271F1 /* UINavigationBar+RBTouch.h */ = {isa = PBXFileReference; fileEncoding = 4; lastKnownFileType = sourcecode.c.h; path = "UINavigationBar+RBTouch.h"; sourceTree = "<group>"; };
		1F45D7A819160F19005271F1 /* UINavigationBar+RBTouch.m */ = {isa = PBXFileReference; fileEncoding = 4; lastKnownFileType = sourcecode.c.objc; path = "UINavigationBar+RBTouch.m"; sourceTree = "<group>"; };
		1F45D7AA19160F7F005271F1 /* RBTouch.h */ = {isa = PBXFileReference; fileEncoding = 4; lastKnownFileType = sourcecode.c.h; path = RBTouch.h; sourceTree = "<group>"; };
		1F45D7AB19160F7F005271F1 /* RBTouch.m */ = {isa = PBXFileReference; fileEncoding = 4; lastKnownFileType = sourcecode.c.objc; path = RBTouch.m; sourceTree = "<group>"; };
		1F45D7AD19161063005271F1 /* RBConstants.h */ = {isa = PBXFileReference; fileEncoding = 4; lastKnownFileType = sourcecode.c.h; path = RBConstants.h; sourceTree = "<group>"; };
		1F45D7AE19161063005271F1 /* RBConstants.m */ = {isa = PBXFileReference; fileEncoding = 4; lastKnownFileType = sourcecode.c.objc; path = RBConstants.m; sourceTree = "<group>"; };
		1F45D7B019161092005271F1 /* Robot.h */ = {isa = PBXFileReference; lastKnownFileType = sourcecode.c.h; path = Robot.h; sourceTree = "<group>"; };
		1F45D7BD191647F2005271F1 /* RBAccessibility.h */ = {isa = PBXFileReference; fileEncoding = 4; lastKnownFileType = sourcecode.c.h; path = RBAccessibility.h; sourceTree = "<group>"; };
		1F45D7BE191647F2005271F1 /* RBAccessibility.m */ = {isa = PBXFileReference; fileEncoding = 4; lastKnownFileType = sourcecode.c.objc; path = RBAccessibility.m; sourceTree = "<group>"; };
		1F45D7BF191647F2005271F1 /* RBAnimation.h */ = {isa = PBXFileReference; fileEncoding = 4; lastKnownFileType = sourcecode.c.h; path = RBAnimation.h; sourceTree = "<group>"; };
		1F45D7C0191647F2005271F1 /* RBAnimation.m */ = {isa = PBXFileReference; fileEncoding = 4; lastKnownFileType = sourcecode.c.objc; path = RBAnimation.m; sourceTree = "<group>"; };
		1F45D7C1191647F2005271F1 /* RBKeyboard.h */ = {isa = PBXFileReference; fileEncoding = 4; lastKnownFileType = sourcecode.c.h; path = RBKeyboard.h; sourceTree = "<group>"; };
		1F45D7C2191647F2005271F1 /* RBKeyboard.m */ = {isa = PBXFileReference; fileEncoding = 4; lastKnownFileType = sourcecode.c.objc; path = RBKeyboard.m; sourceTree = "<group>"; };
		1F45D7C3191647F2005271F1 /* RBTimer.h */ = {isa = PBXFileReference; fileEncoding = 4; lastKnownFileType = sourcecode.c.h; path = RBTimer.h; sourceTree = "<group>"; };
		1F45D7C4191647F2005271F1 /* RBTimer.m */ = {isa = PBXFileReference; fileEncoding = 4; lastKnownFileType = sourcecode.c.objc; path = RBTimer.m; sourceTree = "<group>"; };
/* End PBXFileReference section */

/* Begin PBXFrameworksBuildPhase section */
		1F45D75C1915E581005271F1 /* Frameworks */ = {
			isa = PBXFrameworksBuildPhase;
			buildActionMask = 2147483647;
			files = (
				1F45D7631915E581005271F1 /* Foundation.framework in Frameworks */,
			);
			runOnlyForDeploymentPostprocessing = 0;
		};
		1F45D76C1915E581005271F1 /* Frameworks */ = {
			isa = PBXFrameworksBuildPhase;
			buildActionMask = 2147483647;
			files = (
				1F45D7711915E581005271F1 /* XCTest.framework in Frameworks */,
				1F45D7741915E581005271F1 /* UIKit.framework in Frameworks */,
				1F45D7771915E581005271F1 /* libRobot.a in Frameworks */,
				1F45D7721915E581005271F1 /* Foundation.framework in Frameworks */,
			);
			runOnlyForDeploymentPostprocessing = 0;
		};
/* End PBXFrameworksBuildPhase section */

/* Begin PBXGroup section */
		1F45D7561915E581005271F1 = {
			isa = PBXGroup;
			children = (
				1F45D7641915E581005271F1 /* Robot */,
				1F45D7611915E581005271F1 /* Frameworks */,
				1F45D7601915E581005271F1 /* Products */,
			);
			sourceTree = "<group>";
		};
		1F45D7601915E581005271F1 /* Products */ = {
			isa = PBXGroup;
			children = (
				1F45D75F1915E581005271F1 /* libRobot.a */,
				1F45D76F1915E581005271F1 /* RobotTests.xctest */,
			);
			name = Products;
			sourceTree = "<group>";
		};
		1F45D7611915E581005271F1 /* Frameworks */ = {
			isa = PBXGroup;
			children = (
				1F45D7621915E581005271F1 /* Foundation.framework */,
				1F45D7701915E581005271F1 /* XCTest.framework */,
				1F45D7731915E581005271F1 /* UIKit.framework */,
			);
			name = Frameworks;
			sourceTree = "<group>";
		};
		1F45D7641915E581005271F1 /* Robot */ = {
			isa = PBXGroup;
			children = (
				1F45D7891915E59B005271F1 /* Public */,
				1F45D7651915E581005271F1 /* Supporting Files */,
			);
			path = Robot;
			sourceTree = "<group>";
		};
		1F45D7651915E581005271F1 /* Supporting Files */ = {
			isa = PBXGroup;
			children = (
				1F45D7661915E581005271F1 /* Robot-Prefix.pch */,
			);
			name = "Supporting Files";
			sourceTree = "<group>";
		};
		1F45D7891915E59B005271F1 /* Public */ = {
			isa = PBXGroup;
			children = (
				1F45D7A219160E4B005271F1 /* Extensions */,
				1F45D7BD191647F2005271F1 /* RBAccessibility.h */,
				1F45D7BE191647F2005271F1 /* RBAccessibility.m */,
				1F45D7BF191647F2005271F1 /* RBAnimation.h */,
				1F45D7C0191647F2005271F1 /* RBAnimation.m */,
				1F45D7AD19161063005271F1 /* RBConstants.h */,
				1F45D7AE19161063005271F1 /* RBConstants.m */,
				1F45D7C1191647F2005271F1 /* RBKeyboard.h */,
				1F45D7C2191647F2005271F1 /* RBKeyboard.m */,
				1F45D7C3191647F2005271F1 /* RBTimer.h */,
				1F45D7C4191647F2005271F1 /* RBTimer.m */,
				1F45D7AA19160F7F005271F1 /* RBTouch.h */,
				1F45D7AB19160F7F005271F1 /* RBTouch.m */,
				1F45D7B019161092005271F1 /* Robot.h */,
			);
			path = Public;
			sourceTree = "<group>";
		};
		1F45D7A219160E4B005271F1 /* Extensions */ = {
			isa = PBXGroup;
			children = (
				1F45D7A719160F19005271F1 /* UINavigationBar+RBTouch.h */,
				1F45D7A819160F19005271F1 /* UINavigationBar+RBTouch.m */,
				1F45D7A419160EDE005271F1 /* UIView+RBTouch.h */,
				1F45D7A519160EDE005271F1 /* UIView+RBTouch.m */,
			);
			path = Extensions;
			sourceTree = "<group>";
		};
/* End PBXGroup section */

/* Begin PBXNativeTarget section */
		1F45D75E1915E581005271F1 /* Robot */ = {
			isa = PBXNativeTarget;
			buildConfigurationList = 1F45D7821915E581005271F1 /* Build configuration list for PBXNativeTarget "Robot" */;
			buildPhases = (
				1F45D75B1915E581005271F1 /* Sources */,
				1F45D75C1915E581005271F1 /* Frameworks */,
				1F45D75D1915E581005271F1 /* CopyFiles */,
			);
			buildRules = (
			);
			dependencies = (
			);
			name = Robot;
			productName = Robot;
			productReference = 1F45D75F1915E581005271F1 /* libRobot.a */;
			productType = "com.apple.product-type.library.static";
		};
		1F45D76E1915E581005271F1 /* RobotTests */ = {
			isa = PBXNativeTarget;
			buildConfigurationList = 1F45D7851915E581005271F1 /* Build configuration list for PBXNativeTarget "RobotTests" */;
			buildPhases = (
				1F45D76B1915E581005271F1 /* Sources */,
				1F45D76C1915E581005271F1 /* Frameworks */,
				1F45D76D1915E581005271F1 /* Resources */,
			);
			buildRules = (
			);
			dependencies = (
				1F45D7761915E581005271F1 /* PBXTargetDependency */,
			);
			name = RobotTests;
			productName = RobotTests;
			productReference = 1F45D76F1915E581005271F1 /* RobotTests.xctest */;
			productType = "com.apple.product-type.bundle.unit-test";
		};
/* End PBXNativeTarget section */

/* Begin PBXProject section */
		1F45D7571915E581005271F1 /* Project object */ = {
			isa = PBXProject;
			attributes = {
				LastUpgradeCheck = 0510;
				ORGANIZATIONNAME = "Jeff Hui";
			};
			buildConfigurationList = 1F45D75A1915E581005271F1 /* Build configuration list for PBXProject "Robot" */;
			compatibilityVersion = "Xcode 3.2";
			developmentRegion = English;
			hasScannedForEncodings = 0;
			knownRegions = (
				en,
			);
			mainGroup = 1F45D7561915E581005271F1;
			productRefGroup = 1F45D7601915E581005271F1 /* Products */;
			projectDirPath = "";
			projectRoot = "";
			targets = (
				1F45D75E1915E581005271F1 /* Robot */,
				1F45D76E1915E581005271F1 /* RobotTests */,
			);
		};
/* End PBXProject section */

/* Begin PBXResourcesBuildPhase section */
		1F45D76D1915E581005271F1 /* Resources */ = {
			isa = PBXResourcesBuildPhase;
			buildActionMask = 2147483647;
			files = (
			);
			runOnlyForDeploymentPostprocessing = 0;
		};
/* End PBXResourcesBuildPhase section */

/* Begin PBXSourcesBuildPhase section */
		1F45D75B1915E581005271F1 /* Sources */ = {
			isa = PBXSourcesBuildPhase;
			buildActionMask = 2147483647;
			files = (
				1F45D7C6191647F2005271F1 /* RBAnimation.m in Sources */,
				1F45D7C8191647F2005271F1 /* RBTimer.m in Sources */,
				1F45D7A919160F19005271F1 /* UINavigationBar+RBTouch.m in Sources */,
				1F45D7AF19161063005271F1 /* RBConstants.m in Sources */,
				1F45D7AC19160F7F005271F1 /* RBTouch.m in Sources */,
				1F45D7C5191647F2005271F1 /* RBAccessibility.m in Sources */,
				1F45D7A619160EDE005271F1 /* UIView+RBTouch.m in Sources */,
				1F45D7C7191647F2005271F1 /* RBKeyboard.m in Sources */,
			);
			runOnlyForDeploymentPostprocessing = 0;
		};
		1F45D76B1915E581005271F1 /* Sources */ = {
			isa = PBXSourcesBuildPhase;
			buildActionMask = 2147483647;
			files = (
			);
			runOnlyForDeploymentPostprocessing = 0;
		};
/* End PBXSourcesBuildPhase section */

/* Begin PBXTargetDependency section */
		1F45D7761915E581005271F1 /* PBXTargetDependency */ = {
			isa = PBXTargetDependency;
			target = 1F45D75E1915E581005271F1 /* Robot */;
			targetProxy = 1F45D7751915E581005271F1 /* PBXContainerItemProxy */;
		};
/* End PBXTargetDependency section */

/* Begin XCBuildConfiguration section */
		1F45D7801915E581005271F1 /* Debug */ = {
			isa = XCBuildConfiguration;
			buildSettings = {
				ALWAYS_SEARCH_USER_PATHS = NO;
				CLANG_CXX_LANGUAGE_STANDARD = "gnu++0x";
				CLANG_CXX_LIBRARY = "libc++";
				CLANG_ENABLE_MODULES = YES;
				CLANG_ENABLE_OBJC_ARC = YES;
				CLANG_WARN_BOOL_CONVERSION = YES;
				CLANG_WARN_CONSTANT_CONVERSION = YES;
				CLANG_WARN_DIRECT_OBJC_ISA_USAGE = YES_ERROR;
				CLANG_WARN_EMPTY_BODY = YES;
				CLANG_WARN_ENUM_CONVERSION = YES;
				CLANG_WARN_INT_CONVERSION = YES;
				CLANG_WARN_OBJC_ROOT_CLASS = YES_ERROR;
				CLANG_WARN__DUPLICATE_METHOD_MATCH = YES;
				COPY_PHASE_STRIP = NO;
				GCC_C_LANGUAGE_STANDARD = gnu99;
				GCC_DYNAMIC_NO_PIC = NO;
				GCC_OPTIMIZATION_LEVEL = 0;
				GCC_PREPROCESSOR_DEFINITIONS = (
					"DEBUG=1",
					"$(inherited)",
				);
				GCC_SYMBOLS_PRIVATE_EXTERN = NO;
				GCC_WARN_64_TO_32_BIT_CONVERSION = YES;
				GCC_WARN_ABOUT_RETURN_TYPE = YES_ERROR;
				GCC_WARN_UNDECLARED_SELECTOR = YES;
				GCC_WARN_UNINITIALIZED_AUTOS = YES_AGGRESSIVE;
				GCC_WARN_UNUSED_FUNCTION = YES;
				GCC_WARN_UNUSED_VARIABLE = YES;
				IPHONEOS_DEPLOYMENT_TARGET = 7.1;
				ONLY_ACTIVE_ARCH = YES;
				SDKROOT = iphoneos;
			};
			name = Debug;
		};
		1F45D7811915E581005271F1 /* Release */ = {
			isa = XCBuildConfiguration;
			buildSettings = {
				ALWAYS_SEARCH_USER_PATHS = NO;
				CLANG_CXX_LANGUAGE_STANDARD = "gnu++0x";
				CLANG_CXX_LIBRARY = "libc++";
				CLANG_ENABLE_MODULES = YES;
				CLANG_ENABLE_OBJC_ARC = YES;
				CLANG_WARN_BOOL_CONVERSION = YES;
				CLANG_WARN_CONSTANT_CONVERSION = YES;
				CLANG_WARN_DIRECT_OBJC_ISA_USAGE = YES_ERROR;
				CLANG_WARN_EMPTY_BODY = YES;
				CLANG_WARN_ENUM_CONVERSION = YES;
				CLANG_WARN_INT_CONVERSION = YES;
				CLANG_WARN_OBJC_ROOT_CLASS = YES_ERROR;
				CLANG_WARN__DUPLICATE_METHOD_MATCH = YES;
				COPY_PHASE_STRIP = YES;
				ENABLE_NS_ASSERTIONS = NO;
				GCC_C_LANGUAGE_STANDARD = gnu99;
				GCC_WARN_64_TO_32_BIT_CONVERSION = YES;
				GCC_WARN_ABOUT_RETURN_TYPE = YES_ERROR;
				GCC_WARN_UNDECLARED_SELECTOR = YES;
				GCC_WARN_UNINITIALIZED_AUTOS = YES_AGGRESSIVE;
				GCC_WARN_UNUSED_FUNCTION = YES;
				GCC_WARN_UNUSED_VARIABLE = YES;
				IPHONEOS_DEPLOYMENT_TARGET = 7.1;
				SDKROOT = iphoneos;
				VALIDATE_PRODUCT = YES;
			};
			name = Release;
		};
		1F45D7831915E581005271F1 /* Debug */ = {
			isa = XCBuildConfiguration;
			buildSettings = {
				DSTROOT = /tmp/Robot.dst;
				GCC_PRECOMPILE_PREFIX_HEADER = YES;
				GCC_PREFIX_HEADER = "Robot/Robot-Prefix.pch";
				GCC_TREAT_WARNINGS_AS_ERRORS = YES;
				GCC_WARN_ABOUT_MISSING_NEWLINE = YES;
				GCC_WARN_SHADOW = YES;
				OTHER_LDFLAGS = "-ObjC";
				PRODUCT_NAME = "$(TARGET_NAME)";
				SKIP_INSTALL = YES;
			};
			name = Debug;
		};
		1F45D7841915E581005271F1 /* Release */ = {
			isa = XCBuildConfiguration;
			buildSettings = {
				DSTROOT = /tmp/Robot.dst;
				GCC_PRECOMPILE_PREFIX_HEADER = YES;
				GCC_PREFIX_HEADER = "Robot/Robot-Prefix.pch";
				GCC_TREAT_WARNINGS_AS_ERRORS = YES;
				GCC_WARN_ABOUT_MISSING_NEWLINE = YES;
				GCC_WARN_SHADOW = YES;
				OTHER_LDFLAGS = "-ObjC";
				PRODUCT_NAME = "$(TARGET_NAME)";
				SKIP_INSTALL = YES;
			};
			name = Release;
		};
		1F45D7861915E581005271F1 /* Debug */ = {
			isa = XCBuildConfiguration;
			buildSettings = {
				FRAMEWORK_SEARCH_PATHS = (
					"$(SDKROOT)/Developer/Library/Frameworks",
					"$(inherited)",
					"$(DEVELOPER_FRAMEWORKS_DIR)",
				);
				GCC_PRECOMPILE_PREFIX_HEADER = YES;
				GCC_PREFIX_HEADER = "Robot/Robot-Prefix.pch";
				GCC_PREPROCESSOR_DEFINITIONS = (
					"DEBUG=1",
					"$(inherited)",
				);
				INFOPLIST_FILE = "RobotTests/RobotTests-Info.plist";
				PRODUCT_NAME = "$(TARGET_NAME)";
				WRAPPER_EXTENSION = xctest;
			};
			name = Debug;
		};
		1F45D7871915E581005271F1 /* Release */ = {
			isa = XCBuildConfiguration;
			buildSettings = {
				FRAMEWORK_SEARCH_PATHS = (
					"$(SDKROOT)/Developer/Library/Frameworks",
					"$(inherited)",
					"$(DEVELOPER_FRAMEWORKS_DIR)",
				);
				GCC_PRECOMPILE_PREFIX_HEADER = YES;
				GCC_PREFIX_HEADER = "Robot/Robot-Prefix.pch";
				INFOPLIST_FILE = "RobotTests/RobotTests-Info.plist";
				PRODUCT_NAME = "$(TARGET_NAME)";
				WRAPPER_EXTENSION = xctest;
			};
			name = Release;
		};
/* End XCBuildConfiguration section */

/* Begin XCConfigurationList section */
		1F45D75A1915E581005271F1 /* Build configuration list for PBXProject "Robot" */ = {
			isa = XCConfigurationList;
			buildConfigurations = (
				1F45D7801915E581005271F1 /* Debug */,
				1F45D7811915E581005271F1 /* Release */,
			);
			defaultConfigurationIsVisible = 0;
			defaultConfigurationName = Release;
		};
		1F45D7821915E581005271F1 /* Build configuration list for PBXNativeTarget "Robot" */ = {
			isa = XCConfigurationList;
			buildConfigurations = (
				1F45D7831915E581005271F1 /* Debug */,
				1F45D7841915E581005271F1 /* Release */,
			);
			defaultConfigurationIsVisible = 0;
			defaultConfigurationName = Release;
		};
		1F45D7851915E581005271F1 /* Build configuration list for PBXNativeTarget "RobotTests" */ = {
			isa = XCConfigurationList;
			buildConfigurations = (
				1F45D7861915E581005271F1 /* Debug */,
				1F45D7871915E581005271F1 /* Release */,
			);
			defaultConfigurationIsVisible = 0;
			defaultConfigurationName = Release;
		};
/* End XCConfigurationList section */
	};
	rootObject = 1F45D7571915E581005271F1 /* Project object */;
}
